// !$*UTF8*$!
{
	archiveVersion = 1;
	classes = {
	};
	objectVersion = 56;
	objects = {

/* Begin PBXBuildFile section */
		735E71122A4FC093000D08E9 /* AppDelegate.swift in Sources */ = {isa = PBXBuildFile; fileRef = 735E71112A4FC093000D08E9 /* AppDelegate.swift */; };
		735E71142A4FC093000D08E9 /* SceneDelegate.swift in Sources */ = {isa = PBXBuildFile; fileRef = 735E71132A4FC093000D08E9 /* SceneDelegate.swift */; };
		735E71162A4FC093000D08E9 /* ViewController.swift in Sources */ = {isa = PBXBuildFile; fileRef = 735E71152A4FC093000D08E9 /* ViewController.swift */; };
		735E71192A4FC093000D08E9 /* Main.storyboard in Resources */ = {isa = PBXBuildFile; fileRef = 735E71172A4FC093000D08E9 /* Main.storyboard */; };
		735E711C2A4FC093000D08E9 /* RTest.xcdatamodeld in Sources */ = {isa = PBXBuildFile; fileRef = 735E711A2A4FC093000D08E9 /* RTest.xcdatamodeld */; };
		735E711E2A4FC094000D08E9 /* Assets.xcassets in Resources */ = {isa = PBXBuildFile; fileRef = 735E711D2A4FC094000D08E9 /* Assets.xcassets */; };
		735E71212A4FC094000D08E9 /* LaunchScreen.storyboard in Resources */ = {isa = PBXBuildFile; fileRef = 735E711F2A4FC094000D08E9 /* LaunchScreen.storyboard */; };
		735E712C2A4FC094000D08E9 /* RTestTests.swift in Sources */ = {isa = PBXBuildFile; fileRef = 735E712B2A4FC094000D08E9 /* RTestTests.swift */; };
		735E71362A4FC094000D08E9 /* RTestUITests.swift in Sources */ = {isa = PBXBuildFile; fileRef = 735E71352A4FC094000D08E9 /* RTestUITests.swift */; };
		735E71382A4FC094000D08E9 /* RTestUITestsLaunchTests.swift in Sources */ = {isa = PBXBuildFile; fileRef = 735E71372A4FC094000D08E9 /* RTestUITestsLaunchTests.swift */; };
/* End PBXBuildFile section */

/* Begin PBXContainerItemProxy section */
		735E71282A4FC094000D08E9 /* PBXContainerItemProxy */ = {
			isa = PBXContainerItemProxy;
			containerPortal = 735E71062A4FC093000D08E9 /* Project object */;
			proxyType = 1;
			remoteGlobalIDString = 735E710D2A4FC093000D08E9;
			remoteInfo = RTest;
		};
		735E71322A4FC094000D08E9 /* PBXContainerItemProxy */ = {
			isa = PBXContainerItemProxy;
			containerPortal = 735E71062A4FC093000D08E9 /* Project object */;
			proxyType = 1;
			remoteGlobalIDString = 735E710D2A4FC093000D08E9;
			remoteInfo = RTest;
		};
/* End PBXContainerItemProxy section */

/* Begin PBXFileReference section */
		735E710E2A4FC093000D08E9 /* RTest.app */ = {isa = PBXFileReference; explicitFileType = wrapper.application; includeInIndex = 0; path = RTest.app; sourceTree = BUILT_PRODUCTS_DIR; };
		735E71112A4FC093000D08E9 /* AppDelegate.swift */ = {isa = PBXFileReference; lastKnownFileType = sourcecode.swift; path = AppDelegate.swift; sourceTree = "<group>"; };
		735E71132A4FC093000D08E9 /* SceneDelegate.swift */ = {isa = PBXFileReference; lastKnownFileType = sourcecode.swift; path = SceneDelegate.swift; sourceTree = "<group>"; };
		735E71152A4FC093000D08E9 /* ViewController.swift */ = {isa = PBXFileReference; lastKnownFileType = sourcecode.swift; path = ViewController.swift; sourceTree = "<group>"; };
		735E71182A4FC093000D08E9 /* Base */ = {isa = PBXFileReference; lastKnownFileType = file.storyboard; name = Base; path = Base.lproj/Main.storyboard; sourceTree = "<group>"; };
		735E711B2A4FC093000D08E9 /* RTest.xcdatamodel */ = {isa = PBXFileReference; lastKnownFileType = wrapper.xcdatamodel; path = RTest.xcdatamodel; sourceTree = "<group>"; };
		735E711D2A4FC094000D08E9 /* Assets.xcassets */ = {isa = PBXFileReference; lastKnownFileType = folder.assetcatalog; path = Assets.xcassets; sourceTree = "<group>"; };
		735E71202A4FC094000D08E9 /* Base */ = {isa = PBXFileReference; lastKnownFileType = file.storyboard; name = Base; path = Base.lproj/LaunchScreen.storyboard; sourceTree = "<group>"; };
		735E71222A4FC094000D08E9 /* Info.plist */ = {isa = PBXFileReference; lastKnownFileType = text.plist.xml; path = Info.plist; sourceTree = "<group>"; };
		735E71272A4FC094000D08E9 /* RTestTests.xctest */ = {isa = PBXFileReference; explicitFileType = wrapper.cfbundle; includeInIndex = 0; path = RTestTests.xctest; sourceTree = BUILT_PRODUCTS_DIR; };
		735E712B2A4FC094000D08E9 /* RTestTests.swift */ = {isa = PBXFileReference; lastKnownFileType = sourcecode.swift; path = RTestTests.swift; sourceTree = "<group>"; };
		735E71312A4FC094000D08E9 /* RTestUITests.xctest */ = {isa = PBXFileReference; explicitFileType = wrapper.cfbundle; includeInIndex = 0; path = RTestUITests.xctest; sourceTree = BUILT_PRODUCTS_DIR; };
		735E71352A4FC094000D08E9 /* RTestUITests.swift */ = {isa = PBXFileReference; lastKnownFileType = sourcecode.swift; path = RTestUITests.swift; sourceTree = "<group>"; };
		735E71372A4FC094000D08E9 /* RTestUITestsLaunchTests.swift */ = {isa = PBXFileReference; lastKnownFileType = sourcecode.swift; path = RTestUITestsLaunchTests.swift; sourceTree = "<group>"; };
/* End PBXFileReference section */

/* Begin PBXFrameworksBuildPhase section */
		735E710B2A4FC093000D08E9 /* Frameworks */ = {
			isa = PBXFrameworksBuildPhase;
			buildActionMask = 2147483647;
			files = (
			);
			runOnlyForDeploymentPostprocessing = 0;
		};
		735E71242A4FC094000D08E9 /* Frameworks */ = {
			isa = PBXFrameworksBuildPhase;
			buildActionMask = 2147483647;
			files = (
			);
			runOnlyForDeploymentPostprocessing = 0;
		};
		735E712E2A4FC094000D08E9 /* Frameworks */ = {
			isa = PBXFrameworksBuildPhase;
			buildActionMask = 2147483647;
			files = (
			);
			runOnlyForDeploymentPostprocessing = 0;
		};
/* End PBXFrameworksBuildPhase section */

/* Begin PBXGroup section */
		735E71052A4FC093000D08E9 = {
			isa = PBXGroup;
			children = (
				735E71102A4FC093000D08E9 /* RTest */,
				735E712A2A4FC094000D08E9 /* RTestTests */,
				735E71342A4FC094000D08E9 /* RTestUITests */,
				735E710F2A4FC093000D08E9 /* Products */,
			);
			sourceTree = "<group>";
		};
		735E710F2A4FC093000D08E9 /* Products */ = {
			isa = PBXGroup;
			children = (
				735E710E2A4FC093000D08E9 /* RTest.app */,
				735E71272A4FC094000D08E9 /* RTestTests.xctest */,
				735E71312A4FC094000D08E9 /* RTestUITests.xctest */,
			);
			name = Products;
			sourceTree = "<group>";
		};
		735E71102A4FC093000D08E9 /* RTest */ = {
			isa = PBXGroup;
			children = (
				735E71112A4FC093000D08E9 /* AppDelegate.swift */,
				735E71132A4FC093000D08E9 /* SceneDelegate.swift */,
				735E71152A4FC093000D08E9 /* ViewController.swift */,
				735E71172A4FC093000D08E9 /* Main.storyboard */,
				735E711D2A4FC094000D08E9 /* Assets.xcassets */,
				735E711F2A4FC094000D08E9 /* LaunchScreen.storyboard */,
				735E71222A4FC094000D08E9 /* Info.plist */,
				735E711A2A4FC093000D08E9 /* RTest.xcdatamodeld */,
			);
			path = RTest;
			sourceTree = "<group>";
		};
		735E712A2A4FC094000D08E9 /* RTestTests */ = {
			isa = PBXGroup;
			children = (
				735E712B2A4FC094000D08E9 /* RTestTests.swift */,
			);
			path = RTestTests;
			sourceTree = "<group>";
		};
		735E71342A4FC094000D08E9 /* RTestUITests */ = {
			isa = PBXGroup;
			children = (
				735E71352A4FC094000D08E9 /* RTestUITests.swift */,
				735E71372A4FC094000D08E9 /* RTestUITestsLaunchTests.swift */,
			);
			path = RTestUITests;
			sourceTree = "<group>";
		};
/* End PBXGroup section */

/* Begin PBXNativeTarget section */
		735E710D2A4FC093000D08E9 /* RTest */ = {
			isa = PBXNativeTarget;
			buildConfigurationList = 735E713B2A4FC094000D08E9 /* Build configuration list for PBXNativeTarget "RTest" */;
			buildPhases = (
				735E710A2A4FC093000D08E9 /* Sources */,
				735E710B2A4FC093000D08E9 /* Frameworks */,
				735E710C2A4FC093000D08E9 /* Resources */,
			);
			buildRules = (
			);
			dependencies = (
			);
			name = RTest;
			productName = RTest;
			productReference = 735E710E2A4FC093000D08E9 /* RTest.app */;
			productType = "com.apple.product-type.application";
		};
		735E71262A4FC094000D08E9 /* RTestTests */ = {
			isa = PBXNativeTarget;
			buildConfigurationList = 735E713E2A4FC094000D08E9 /* Build configuration list for PBXNativeTarget "RTestTests" */;
			buildPhases = (
				735E71232A4FC094000D08E9 /* Sources */,
				735E71242A4FC094000D08E9 /* Frameworks */,
				735E71252A4FC094000D08E9 /* Resources */,
			);
			buildRules = (
			);
			dependencies = (
				735E71292A4FC094000D08E9 /* PBXTargetDependency */,
			);
			name = RTestTests;
			productName = RTestTests;
			productReference = 735E71272A4FC094000D08E9 /* RTestTests.xctest */;
			productType = "com.apple.product-type.bundle.unit-test";
		};
		735E71302A4FC094000D08E9 /* RTestUITests */ = {
			isa = PBXNativeTarget;
			buildConfigurationList = 735E71412A4FC094000D08E9 /* Build configuration list for PBXNativeTarget "RTestUITests" */;
			buildPhases = (
				735E712D2A4FC094000D08E9 /* Sources */,
				735E712E2A4FC094000D08E9 /* Frameworks */,
				735E712F2A4FC094000D08E9 /* Resources */,
			);
			buildRules = (
			);
			dependencies = (
				735E71332A4FC094000D08E9 /* PBXTargetDependency */,
			);
			name = RTestUITests;
			productName = RTestUITests;
			productReference = 735E71312A4FC094000D08E9 /* RTestUITests.xctest */;
			productType = "com.apple.product-type.bundle.ui-testing";
		};
/* End PBXNativeTarget section */

/* Begin PBXProject section */
		735E71062A4FC093000D08E9 /* Project object */ = {
			isa = PBXProject;
			attributes = {
				BuildIndependentTargetsInParallel = 1;
				LastSwiftUpdateCheck = 1420;
				LastUpgradeCheck = 1420;
				TargetAttributes = {
					735E710D2A4FC093000D08E9 = {
						CreatedOnToolsVersion = 14.2;
					};
					735E71262A4FC094000D08E9 = {
						CreatedOnToolsVersion = 14.2;
						TestTargetID = 735E710D2A4FC093000D08E9;
					};
					735E71302A4FC094000D08E9 = {
						CreatedOnToolsVersion = 14.2;
						TestTargetID = 735E710D2A4FC093000D08E9;
					};
				};
			};
			buildConfigurationList = 735E71092A4FC093000D08E9 /* Build configuration list for PBXProject "RTest" */;
			compatibilityVersion = "Xcode 14.0";
			developmentRegion = en;
			hasScannedForEncodings = 0;
			knownRegions = (
				en,
				Base,
			);
			mainGroup = 735E71052A4FC093000D08E9;
			productRefGroup = 735E710F2A4FC093000D08E9 /* Products */;
			projectDirPath = "";
			projectRoot = "";
			targets = (
				735E710D2A4FC093000D08E9 /* RTest */,
				735E71262A4FC094000D08E9 /* RTestTests */,
				735E71302A4FC094000D08E9 /* RTestUITests */,
			);
		};
/* End PBXProject section */

/* Begin PBXResourcesBuildPhase section */
		735E710C2A4FC093000D08E9 /* Resources */ = {
			isa = PBXResourcesBuildPhase;
			buildActionMask = 2147483647;
			files = (
				735E71212A4FC094000D08E9 /* LaunchScreen.storyboard in Resources */,
				735E711E2A4FC094000D08E9 /* Assets.xcassets in Resources */,
				735E71192A4FC093000D08E9 /* Main.storyboard in Resources */,
			);
			runOnlyForDeploymentPostprocessing = 0;
		};
		735E71252A4FC094000D08E9 /* Resources */ = {
			isa = PBXResourcesBuildPhase;
			buildActionMask = 2147483647;
			files = (
			);
			runOnlyForDeploymentPostprocessing = 0;
		};
		735E712F2A4FC094000D08E9 /* Resources */ = {
			isa = PBXResourcesBuildPhase;
			buildActionMask = 2147483647;
			files = (
			);
			runOnlyForDeploymentPostprocessing = 0;
		};
/* End PBXResourcesBuildPhase section */

/* Begin PBXSourcesBuildPhase section */
		735E710A2A4FC093000D08E9 /* Sources */ = {
			isa = PBXSourcesBuildPhase;
			buildActionMask = 2147483647;
			files = (
				735E711C2A4FC093000D08E9 /* RTest.xcdatamodeld in Sources */,
				735E71162A4FC093000D08E9 /* ViewController.swift in Sources */,
				735E71122A4FC093000D08E9 /* AppDelegate.swift in Sources */,
				735E71142A4FC093000D08E9 /* SceneDelegate.swift in Sources */,
			);
			runOnlyForDeploymentPostprocessing = 0;
		};
		735E71232A4FC094000D08E9 /* Sources */ = {
			isa = PBXSourcesBuildPhase;
			buildActionMask = 2147483647;
			files = (
				735E712C2A4FC094000D08E9 /* RTestTests.swift in Sources */,
			);
			runOnlyForDeploymentPostprocessing = 0;
		};
		735E712D2A4FC094000D08E9 /* Sources */ = {
			isa = PBXSourcesBuildPhase;
			buildActionMask = 2147483647;
			files = (
				735E71362A4FC094000D08E9 /* RTestUITests.swift in Sources */,
				735E71382A4FC094000D08E9 /* RTestUITestsLaunchTests.swift in Sources */,
			);
			runOnlyForDeploymentPostprocessing = 0;
		};
/* End PBXSourcesBuildPhase section */

/* Begin PBXTargetDependency section */
		735E71292A4FC094000D08E9 /* PBXTargetDependency */ = {
			isa = PBXTargetDependency;
			target = 735E710D2A4FC093000D08E9 /* RTest */;
			targetProxy = 735E71282A4FC094000D08E9 /* PBXContainerItemProxy */;
		};
		735E71332A4FC094000D08E9 /* PBXTargetDependency */ = {
			isa = PBXTargetDependency;
			target = 735E710D2A4FC093000D08E9 /* RTest */;
			targetProxy = 735E71322A4FC094000D08E9 /* PBXContainerItemProxy */;
		};
/* End PBXTargetDependency section */

/* Begin PBXVariantGroup section */
		735E71172A4FC093000D08E9 /* Main.storyboard */ = {
			isa = PBXVariantGroup;
			children = (
				735E71182A4FC093000D08E9 /* Base */,
			);
			name = Main.storyboard;
			sourceTree = "<group>";
		};
		735E711F2A4FC094000D08E9 /* LaunchScreen.storyboard */ = {
			isa = PBXVariantGroup;
			children = (
				735E71202A4FC094000D08E9 /* Base */,
			);
			name = LaunchScreen.storyboard;
			sourceTree = "<group>";
		};
/* End PBXVariantGroup section */

/* Begin XCBuildConfiguration section */
		735E71392A4FC094000D08E9 /* Debug */ = {
			isa = XCBuildConfiguration;
			buildSettings = {
				ALWAYS_SEARCH_USER_PATHS = NO;
				CLANG_ANALYZER_NONNULL = YES;
				CLANG_ANALYZER_NUMBER_OBJECT_CONVERSION = YES_AGGRESSIVE;
				CLANG_CXX_LANGUAGE_STANDARD = "gnu++20";
				CLANG_ENABLE_MODULES = YES;
				CLANG_ENABLE_OBJC_ARC = YES;
				CLANG_ENABLE_OBJC_WEAK = YES;
				CLANG_WARN_BLOCK_CAPTURE_AUTORELEASING = YES;
				CLANG_WARN_BOOL_CONVERSION = YES;
				CLANG_WARN_COMMA = YES;
				CLANG_WARN_CONSTANT_CONVERSION = YES;
				CLANG_WARN_DEPRECATED_OBJC_IMPLEMENTATIONS = YES;
				CLANG_WARN_DIRECT_OBJC_ISA_USAGE = YES_ERROR;
				CLANG_WARN_DOCUMENTATION_COMMENTS = YES;
				CLANG_WARN_EMPTY_BODY = YES;
				CLANG_WARN_ENUM_CONVERSION = YES;
				CLANG_WARN_INFINITE_RECURSION = YES;
				CLANG_WARN_INT_CONVERSION = YES;
				CLANG_WARN_NON_LITERAL_NULL_CONVERSION = YES;
				CLANG_WARN_OBJC_IMPLICIT_RETAIN_SELF = YES;
				CLANG_WARN_OBJC_LITERAL_CONVERSION = YES;
				CLANG_WARN_OBJC_ROOT_CLASS = YES_ERROR;
				CLANG_WARN_QUOTED_INCLUDE_IN_FRAMEWORK_HEADER = YES;
				CLANG_WARN_RANGE_LOOP_ANALYSIS = YES;
				CLANG_WARN_STRICT_PROTOTYPES = YES;
				CLANG_WARN_SUSPICIOUS_MOVE = YES;
				CLANG_WARN_UNGUARDED_AVAILABILITY = YES_AGGRESSIVE;
				CLANG_WARN_UNREACHABLE_CODE = YES;
				CLANG_WARN__DUPLICATE_METHOD_MATCH = YES;
				COPY_PHASE_STRIP = NO;
				DEBUG_INFORMATION_FORMAT = dwarf;
				ENABLE_STRICT_OBJC_MSGSEND = YES;
				ENABLE_TESTABILITY = YES;
				GCC_C_LANGUAGE_STANDARD = gnu11;
				GCC_DYNAMIC_NO_PIC = NO;
				GCC_NO_COMMON_BLOCKS = YES;
				GCC_OPTIMIZATION_LEVEL = 0;
				GCC_PREPROCESSOR_DEFINITIONS = (
					"DEBUG=1",
					"$(inherited)",
				);
				GCC_WARN_64_TO_32_BIT_CONVERSION = YES;
				GCC_WARN_ABOUT_RETURN_TYPE = YES_ERROR;
				GCC_WARN_UNDECLARED_SELECTOR = YES;
				GCC_WARN_UNINITIALIZED_AUTOS = YES_AGGRESSIVE;
				GCC_WARN_UNUSED_FUNCTION = YES;
				GCC_WARN_UNUSED_VARIABLE = YES;
				IPHONEOS_DEPLOYMENT_TARGET = 16.2;
				MTL_ENABLE_DEBUG_INFO = INCLUDE_SOURCE;
				MTL_FAST_MATH = YES;
				ONLY_ACTIVE_ARCH = YES;
				SDKROOT = iphoneos;
				SWIFT_ACTIVE_COMPILATION_CONDITIONS = DEBUG;
				SWIFT_OPTIMIZATION_LEVEL = "-Onone";
			};
			name = Debug;
		};
		735E713A2A4FC094000D08E9 /* Release */ = {
			isa = XCBuildConfiguration;
			buildSettings = {
				ALWAYS_SEARCH_USER_PATHS = NO;
				CLANG_ANALYZER_NONNULL = YES;
				CLANG_ANALYZER_NUMBER_OBJECT_CONVERSION = YES_AGGRESSIVE;
				CLANG_CXX_LANGUAGE_STANDARD = "gnu++20";
				CLANG_ENABLE_MODULES = YES;
				CLANG_ENABLE_OBJC_ARC = YES;
				CLANG_ENABLE_OBJC_WEAK = YES;
				CLANG_WARN_BLOCK_CAPTURE_AUTORELEASING = YES;
				CLANG_WARN_BOOL_CONVERSION = YES;
				CLANG_WARN_COMMA = YES;
				CLANG_WARN_CONSTANT_CONVERSION = YES;
				CLANG_WARN_DEPRECATED_OBJC_IMPLEMENTATIONS = YES;
				CLANG_WARN_DIRECT_OBJC_ISA_USAGE = YES_ERROR;
				CLANG_WARN_DOCUMENTATION_COMMENTS = YES;
				CLANG_WARN_EMPTY_BODY = YES;
				CLANG_WARN_ENUM_CONVERSION = YES;
				CLANG_WARN_INFINITE_RECURSION = YES;
				CLANG_WARN_INT_CONVERSION = YES;
				CLANG_WARN_NON_LITERAL_NULL_CONVERSION = YES;
				CLANG_WARN_OBJC_IMPLICIT_RETAIN_SELF = YES;
				CLANG_WARN_OBJC_LITERAL_CONVERSION = YES;
				CLANG_WARN_OBJC_ROOT_CLASS = YES_ERROR;
				CLANG_WARN_QUOTED_INCLUDE_IN_FRAMEWORK_HEADER = YES;
				CLANG_WARN_RANGE_LOOP_ANALYSIS = YES;
				CLANG_WARN_STRICT_PROTOTYPES = YES;
				CLANG_WARN_SUSPICIOUS_MOVE = YES;
				CLANG_WARN_UNGUARDED_AVAILABILITY = YES_AGGRESSIVE;
				CLANG_WARN_UNREACHABLE_CODE = YES;
				CLANG_WARN__DUPLICATE_METHOD_MATCH = YES;
				COPY_PHASE_STRIP = NO;
				DEBUG_INFORMATION_FORMAT = "dwarf-with-dsym";
				ENABLE_NS_ASSERTIONS = NO;
				ENABLE_STRICT_OBJC_MSGSEND = YES;
				GCC_C_LANGUAGE_STANDARD = gnu11;
				GCC_NO_COMMON_BLOCKS = YES;
				GCC_WARN_64_TO_32_BIT_CONVERSION = YES;
				GCC_WARN_ABOUT_RETURN_TYPE = YES_ERROR;
				GCC_WARN_UNDECLARED_SELECTOR = YES;
				GCC_WARN_UNINITIALIZED_AUTOS = YES_AGGRESSIVE;
				GCC_WARN_UNUSED_FUNCTION = YES;
				GCC_WARN_UNUSED_VARIABLE = YES;
				IPHONEOS_DEPLOYMENT_TARGET = 16.2;
				MTL_ENABLE_DEBUG_INFO = NO;
				MTL_FAST_MATH = YES;
				SDKROOT = iphoneos;
				SWIFT_COMPILATION_MODE = wholemodule;
				SWIFT_OPTIMIZATION_LEVEL = "-O";
				VALIDATE_PRODUCT = YES;
			};
			name = Release;
		};
		735E713C2A4FC094000D08E9 /* Debug */ = {
			isa = XCBuildConfiguration;
			buildSettings = {
				ASSETCATALOG_COMPILER_APPICON_NAME = AppIcon;
				ASSETCATALOG_COMPILER_GLOBAL_ACCENT_COLOR_NAME = AccentColor;
				CODE_SIGN_STYLE = Automatic;
				CURRENT_PROJECT_VERSION = 1;
				DEVELOPMENT_TEAM = VUWQ9J3AT2;
				GENERATE_INFOPLIST_FILE = YES;
				INFOPLIST_FILE = RTest/Info.plist;
				INFOPLIST_KEY_UIApplicationSupportsIndirectInputEvents = YES;
				INFOPLIST_KEY_UILaunchStoryboardName = LaunchScreen;
				INFOPLIST_KEY_UIMainStoryboardFile = Main;
				INFOPLIST_KEY_UISupportedInterfaceOrientations_iPad = "UIInterfaceOrientationPortrait UIInterfaceOrientationPortraitUpsideDown UIInterfaceOrientationLandscapeLeft UIInterfaceOrientationLandscapeRight";
				INFOPLIST_KEY_UISupportedInterfaceOrientations_iPhone = "UIInterfaceOrientationPortrait UIInterfaceOrientationLandscapeLeft UIInterfaceOrientationLandscapeRight";
				LD_RUNPATH_SEARCH_PATHS = (
					"$(inherited)",
					"@executable_path/Frameworks",
				);
				MARKETING_VERSION = 1.0;
				PRODUCT_BUNDLE_IDENTIFIER = com.kubi.RTest;
				PRODUCT_NAME = "$(TARGET_NAME)";
				SWIFT_EMIT_LOC_STRINGS = YES;
				SWIFT_VERSION = 5.0;
				TARGETED_DEVICE_FAMILY = "1,2";
			};
			name = Debug;
		};
		735E713D2A4FC094000D08E9 /* Release */ = {
			isa = XCBuildConfiguration;
			buildSettings = {
				ASSETCATALOG_COMPILER_APPICON_NAME = AppIcon;
				ASSETCATALOG_COMPILER_GLOBAL_ACCENT_COLOR_NAME = AccentColor;
				CODE_SIGN_STYLE = Automatic;
				CURRENT_PROJECT_VERSION = 1;
				DEVELOPMENT_TEAM = VUWQ9J3AT2;
				GENERATE_INFOPLIST_FILE = YES;
				INFOPLIST_FILE = RTest/Info.plist;
				INFOPLIST_KEY_UIApplicationSupportsIndirectInputEvents = YES;
				INFOPLIST_KEY_UILaunchStoryboardName = LaunchScreen;
				INFOPLIST_KEY_UIMainStoryboardFile = Main;
				INFOPLIST_KEY_UISupportedInterfaceOrientations_iPad = "UIInterfaceOrientationPortrait UIInterfaceOrientationPortraitUpsideDown UIInterfaceOrientationLandscapeLeft UIInterfaceOrientationLandscapeRight";
				INFOPLIST_KEY_UISupportedInterfaceOrientations_iPhone = "UIInterfaceOrientationPortrait UIInterfaceOrientationLandscapeLeft UIInterfaceOrientationLandscapeRight";
				LD_RUNPATH_SEARCH_PATHS = (
					"$(inherited)",
					"@executable_path/Frameworks",
				);
				MARKETING_VERSION = 1.0;
				PRODUCT_BUNDLE_IDENTIFIER = com.kubi.RTest;
				PRODUCT_NAME = "$(TARGET_NAME)";
				SWIFT_EMIT_LOC_STRINGS = YES;
				SWIFT_VERSION = 5.0;
				TARGETED_DEVICE_FAMILY = "1,2";
			};
			name = Release;
		};
		735E713F2A4FC094000D08E9 /* Debug */ = {
			isa = XCBuildConfiguration;
			buildSettings = {
				ALWAYS_EMBED_SWIFT_STANDARD_LIBRARIES = YES;
				BUNDLE_LOADER = "$(TEST_HOST)";
				CODE_SIGN_STYLE = Automatic;
				CURRENT_PROJECT_VERSION = 1;
				DEVELOPMENT_TEAM = VUWQ9J3AT2;
				GENERATE_INFOPLIST_FILE = YES;
				IPHONEOS_DEPLOYMENT_TARGET = 16.2;
				MARKETING_VERSION = 1.0;
				PRODUCT_BUNDLE_IDENTIFIER = com.kubi.RTestTests;
				PRODUCT_NAME = "$(TARGET_NAME)";
				SWIFT_EMIT_LOC_STRINGS = NO;
				SWIFT_VERSION = 5.0;
				TARGETED_DEVICE_FAMILY = "1,2";
				TEST_HOST = "$(BUILT_PRODUCTS_DIR)/RTest.app/$(BUNDLE_EXECUTABLE_FOLDER_PATH)/RTest";
			};
			name = Debug;
		};
		735E71402A4FC094000D08E9 /* Release */ = {
			isa = XCBuildConfiguration;
			buildSettings = {
				ALWAYS_EMBED_SWIFT_STANDARD_LIBRARIES = YES;
				BUNDLE_LOADER = "$(TEST_HOST)";
				CODE_SIGN_STYLE = Automatic;
				CURRENT_PROJECT_VERSION = 1;
				DEVELOPMENT_TEAM = VUWQ9J3AT2;
				GENERATE_INFOPLIST_FILE = YES;
				IPHONEOS_DEPLOYMENT_TARGET = 16.2;
				MARKETING_VERSION = 1.0;
				PRODUCT_BUNDLE_IDENTIFIER = com.kubi.RTestTests;
				PRODUCT_NAME = "$(TARGET_NAME)";
				SWIFT_EMIT_LOC_STRINGS = NO;
				SWIFT_VERSION = 5.0;
				TARGETED_DEVICE_FAMILY = "1,2";
				TEST_HOST = "$(BUILT_PRODUCTS_DIR)/RTest.app/$(BUNDLE_EXECUTABLE_FOLDER_PATH)/RTest";
			};
			name = Release;
		};
		735E71422A4FC094000D08E9 /* Debug */ = {
			isa = XCBuildConfiguration;
			buildSettings = {
				ALWAYS_EMBED_SWIFT_STANDARD_LIBRARIES = YES;
				CODE_SIGN_STYLE = Automatic;
				CURRENT_PROJECT_VERSION = 1;
				DEVELOPMENT_TEAM = VUWQ9J3AT2;
				GENERATE_INFOPLIST_FILE = YES;
				MARKETING_VERSION = 1.0;
				PRODUCT_BUNDLE_IDENTIFIER = com.kubi.RTestUITests;
				PRODUCT_NAME = "$(TARGET_NAME)";
				SWIFT_EMIT_LOC_STRINGS = NO;
				SWIFT_VERSION = 5.0;
				TARGETED_DEVICE_FAMILY = "1,2";
				TEST_TARGET_NAME = RTest;
			};
			name = Debug;
		};
		735E71432A4FC094000D08E9 /* Release */ = {
			isa = XCBuildConfiguration;
			buildSettings = {
				ALWAYS_EMBED_SWIFT_STANDARD_LIBRARIES = YES;
				CODE_SIGN_STYLE = Automatic;
				CURRENT_PROJECT_VERSION = 1;
				DEVELOPMENT_TEAM = VUWQ9J3AT2;
				GENERATE_INFOPLIST_FILE = YES;
				MARKETING_VERSION = 1.0;
				PRODUCT_BUNDLE_IDENTIFIER = com.kubi.RTestUITests;
				PRODUCT_NAME = "$(TARGET_NAME)";
				SWIFT_EMIT_LOC_STRINGS = NO;
				SWIFT_VERSION = 5.0;
				TARGETED_DEVICE_FAMILY = "1,2";
				TEST_TARGET_NAME = RTest;
			};
			name = Release;
		};
/* End XCBuildConfiguration section */

/* Begin XCConfigurationList section */
		735E71092A4FC093000D08E9 /* Build configuration list for PBXProject "RTest" */ = {
			isa = XCConfigurationList;
			buildConfigurations = (
				735E71392A4FC094000D08E9 /* Debug */,
				735E713A2A4FC094000D08E9 /* Release */,
			);
			defaultConfigurationIsVisible = 0;
			defaultConfigurationName = Release;
		};
		735E713B2A4FC094000D08E9 /* Build configuration list for PBXNativeTarget "RTest" */ = {
			isa = XCConfigurationList;
			buildConfigurations = (
				735E713C2A4FC094000D08E9 /* Debug */,
				735E713D2A4FC094000D08E9 /* Release */,
			);
			defaultConfigurationIsVisible = 0;
			defaultConfigurationName = Release;
		};
		735E713E2A4FC094000D08E9 /* Build configuration list for PBXNativeTarget "RTestTests" */ = {
			isa = XCConfigurationList;
			buildConfigurations = (
				735E713F2A4FC094000D08E9 /* Debug */,
				735E71402A4FC094000D08E9 /* Release */,
			);
			defaultConfigurationIsVisible = 0;
			defaultConfigurationName = Release;
		};
		735E71412A4FC094000D08E9 /* Build configuration list for PBXNativeTarget "RTestUITests" */ = {
			isa = XCConfigurationList;
			buildConfigurations = (
				735E71422A4FC094000D08E9 /* Debug */,
				735E71432A4FC094000D08E9 /* Release */,
			);
			defaultConfigurationIsVisible = 0;
			defaultConfigurationName = Release;
		};
/* End XCConfigurationList section */

/* Begin XCVersionGroup section */
		735E711A2A4FC093000D08E9 /* RTest.xcdatamodeld */ = {
			isa = XCVersionGroup;
			children = (
				735E711B2A4FC093000D08E9 /* RTest.xcdatamodel */,
			);
			currentVersion = 735E711B2A4FC093000D08E9 /* RTest.xcdatamodel */;
			path = RTest.xcdatamodeld;
			sourceTree = "<group>";
			versionGroupType = wrapper.xcdatamodel;
		};
/* End XCVersionGroup section */
	};
	rootObject = 735E71062A4FC093000D08E9 /* Project object */;
}
